
Microsoft Visual Studio Solution File, Format Version 12.00
# Visual Studio Version 17
VisualStudioVersion = 17.4.33122.133
MinimumVisualStudioVersion = 10.0.40219.1
Project("{9A19103F-16F7-4668-BE54-9A1E7A4F7556}") = "SuperDataBaseLibrary", "SuperDataBaseLibrary.csproj", "{B0C529D4-F6D1-4BEA-B3E6-BC23CEF9C0AF}"
EndProject
Global
	GlobalSection(SolutionConfigurationPlatforms) = preSolution
		Debug|Any CPU = Debug|Any CPU
		Release|Any CPU = Release|Any CPU
	EndGlobalSection
	GlobalSection(ProjectConfigurationPlatforms) = postSolution
		{B0C529D4-F6D1-4BEA-B3E6-BC23CEF9C0AF}.Debug|Any CPU.ActiveCfg = Debug|Any CPU
		{B0C529D4-F6D1-4BEA-B3E6-BC23CEF9C0AF}.Debug|Any CPU.Build.0 = Debug|Any CPU
		{B0C529D4-F6D1-4BEA-B3E6-BC23CEF9C0AF}.Release|Any CPU.ActiveCfg = Release|Any CPU
		{B0C529D4-F6D1-4BEA-B3E6-BC23CEF9C0AF}.Release|Any CPU.Build.0 = Release|Any CPU
	EndGlobalSection
	GlobalSection(SolutionProperties) = preSolution
		HideSolutionNode = FALSE
	EndGlobalSection
	GlobalSection(ExtensibilityGlobals) = postSolution
		SolutionGuid = {1A3150CA-FFFC-45B7-856E-BE5F1B1790A8}
	EndGlobalSection
EndGlobal
